
Microsoft Visual Studio Solution File, Format Version 12.00
# Visual Studio Version 17
VisualStudioVersion = 17.12.35521.163
MinimumVisualStudioVersion = 10.0.40219.1
Project("{2150E333-8FDC-42A3-9474-1A3956D46DE8}") = "1 - PRESENTATION", "1 - PRESENTATION", "{F5650330-1CC1-470F-AC0B-9074DFF15DBB}"
EndProject
Project("{2150E333-8FDC-42A3-9474-1A3956D46DE8}") = "2 - APPLICATION", "2 - APPLICATION", "{752F7EB4-5BD2-46A5-8423-88F202D36EB2}"
EndProject
Project("{2150E333-8FDC-42A3-9474-1A3956D46DE8}") = "3 - DOMAIN", "3 - DOMAIN", "{8E191452-4FD3-4553-BB21-E844723800CB}"
EndProject
Project("{2150E333-8FDC-42A3-9474-1A3956D46DE8}") = "4 - INFRASTRUCTURE", "4 - INFRASTRUCTURE", "{2D72618A-02C7-4F69-83B5-781E8453F77C}"
EndProject
Project("{2150E333-8FDC-42A3-9474-1A3956D46DE8}") = "5 - TESTS", "5 - TESTS", "{E473CEE6-F8C7-4928-BD7A-254A1312E7F1}"
EndProject
Project("{FAE04EC0-301F-11D3-BF4B-00C04F79EFBC}") = "CadastroClientesAPP.Domain", "CadastroClientesAPP.Domain\CadastroClientesAPP.Domain.csproj", "{D27D568A-AB0A-4B2B-88BE-93A53AA3A71F}"
EndProject
Project("{FAE04EC0-301F-11D3-BF4B-00C04F79EFBC}") = "CadastroClientesAPP.Infra.Data", "CadastroClientesAPP.Infra.Data\CadastroClientesAPP.Infra.Data.csproj", "{D0F41216-B3E2-48A8-A09E-C05BD1EE7621}"
EndProject
Project("{FAE04EC0-301F-11D3-BF4B-00C04F79EFBC}") = "CadastroClientesAPP.API", "CadastroClientesAPP.API\CadastroClientesAPP.API.csproj", "{C5BBED59-3D89-4891-ABC1-74957581554B}"
EndProject
Project("{FAE04EC0-301F-11D3-BF4B-00C04F79EFBC}") = "CadastroClientesAPI.Tests", "CadastroClientesAPI.Tests\CadastroClientesAPI.Tests.csproj", "{E5BF5EBE-04C4-495E-90A2-34D1796B0592}"
EndProject
Global
	GlobalSection(SolutionConfigurationPlatforms) = preSolution
		Debug|Any CPU = Debug|Any CPU
		Release|Any CPU = Release|Any CPU
	EndGlobalSection
	GlobalSection(ProjectConfigurationPlatforms) = postSolution
		{D27D568A-AB0A-4B2B-88BE-93A53AA3A71F}.Debug|Any CPU.ActiveCfg = Debug|Any CPU
		{D27D568A-AB0A-4B2B-88BE-93A53AA3A71F}.Debug|Any CPU.Build.0 = Debug|Any CPU
		{D27D568A-AB0A-4B2B-88BE-93A53AA3A71F}.Release|Any CPU.ActiveCfg = Release|Any CPU
		{D27D568A-AB0A-4B2B-88BE-93A53AA3A71F}.Release|Any CPU.Build.0 = Release|Any CPU
		{D0F41216-B3E2-48A8-A09E-C05BD1EE7621}.Debug|Any CPU.ActiveCfg = Debug|Any CPU
		{D0F41216-B3E2-48A8-A09E-C05BD1EE7621}.Debug|Any CPU.Build.0 = Debug|Any CPU
		{D0F41216-B3E2-48A8-A09E-C05BD1EE7621}.Release|Any CPU.ActiveCfg = Release|Any CPU
		{D0F41216-B3E2-48A8-A09E-C05BD1EE7621}.Release|Any CPU.Build.0 = Release|Any CPU
		{C5BBED59-3D89-4891-ABC1-74957581554B}.Debug|Any CPU.ActiveCfg = Debug|Any CPU
		{C5BBED59-3D89-4891-ABC1-74957581554B}.Debug|Any CPU.Build.0 = Debug|Any CPU
		{C5BBED59-3D89-4891-ABC1-74957581554B}.Release|Any CPU.ActiveCfg = Release|Any CPU
		{C5BBED59-3D89-4891-ABC1-74957581554B}.Release|Any CPU.Build.0 = Release|Any CPU
		{E5BF5EBE-04C4-495E-90A2-34D1796B0592}.Debug|Any CPU.ActiveCfg = Debug|Any CPU
		{E5BF5EBE-04C4-495E-90A2-34D1796B0592}.Debug|Any CPU.Build.0 = Debug|Any CPU
		{E5BF5EBE-04C4-495E-90A2-34D1796B0592}.Release|Any CPU.ActiveCfg = Release|Any CPU
		{E5BF5EBE-04C4-495E-90A2-34D1796B0592}.Release|Any CPU.Build.0 = Release|Any CPU
	EndGlobalSection
	GlobalSection(SolutionProperties) = preSolution
		HideSolutionNode = FALSE
	EndGlobalSection
	GlobalSection(NestedProjects) = preSolution
		{D27D568A-AB0A-4B2B-88BE-93A53AA3A71F} = {8E191452-4FD3-4553-BB21-E844723800CB}
		{D0F41216-B3E2-48A8-A09E-C05BD1EE7621} = {2D72618A-02C7-4F69-83B5-781E8453F77C}
		{C5BBED59-3D89-4891-ABC1-74957581554B} = {752F7EB4-5BD2-46A5-8423-88F202D36EB2}
		{E5BF5EBE-04C4-495E-90A2-34D1796B0592} = {E473CEE6-F8C7-4928-BD7A-254A1312E7F1}
	EndGlobalSection
EndGlobal
